
Microsoft Visual Studio Solution File, Format Version 12.00
# Visual Studio 2013
VisualStudioVersion = 12.0.31101.0
MinimumVisualStudioVersion = 10.0.40219.1
Project("{2150E333-8FDC-42A3-9474-1A3956D46DE8}") = "VisitorApp", "VisitorApp", "{C5B7CA29-0A6A-4E98-8CBB-F358250F496D}"
EndProject
Project("{D954291E-2A0B-460D-934E-DC6B0785DB48}") = "VisitorApp.Shared", "VisitorApp\VisitorApp.Shared\VisitorApp.Shared.shproj", "{58CC4705-ADDF-44F6-92C2-F393002C5507}"
EndProject
Project("{FAE04EC0-301F-11D3-BF4B-00C04F79EFBC}") = "VisitorApp.Windows", "VisitorApp\VisitorApp.Windows\VisitorApp.Windows.csproj", "{31CCC822-68CB-4C3A-8DB5-3B899F4F769C}"
EndProject
Project("{FAE04EC0-301F-11D3-BF4B-00C04F79EFBC}") = "VisitorApp.WindowsPhone", "VisitorApp\VisitorApp.WindowsPhone\VisitorApp.WindowsPhone.csproj", "{73A6B593-D5B2-4D24-A6C1-0D3019CA3131}"
EndProject
Global
	GlobalSection(SharedMSBuildProjectFiles) = preSolution
		VisitorApp\VisitorApp.Shared\VisitorApp.Shared.projitems*{73a6b593-d5b2-4d24-a6c1-0d3019ca3131}*SharedItemsImports = 4
		VisitorApp\VisitorApp.Shared\VisitorApp.Shared.projitems*{58cc4705-addf-44f6-92c2-f393002c5507}*SharedItemsImports = 13
		VisitorApp\VisitorApp.Shared\VisitorApp.Shared.projitems*{31ccc822-68cb-4c3a-8db5-3b899f4f769c}*SharedItemsImports = 4
	EndGlobalSection
	GlobalSection(SolutionConfigurationPlatforms) = preSolution
		Debug|Any CPU = Debug|Any CPU
		Debug|ARM = Debug|ARM
		Debug|x64 = Debug|x64
		Debug|x86 = Debug|x86
		Release|Any CPU = Release|Any CPU
		Release|ARM = Release|ARM
		Release|x64 = Release|x64
		Release|x86 = Release|x86
	EndGlobalSection
	GlobalSection(ProjectConfigurationPlatforms) = postSolution
		{31CCC822-68CB-4C3A-8DB5-3B899F4F769C}.Debug|Any CPU.ActiveCfg = Debug|Any CPU
		{31CCC822-68CB-4C3A-8DB5-3B899F4F769C}.Debug|Any CPU.Build.0 = Debug|Any CPU
		{31CCC822-68CB-4C3A-8DB5-3B899F4F769C}.Debug|Any CPU.Deploy.0 = Debug|Any CPU
		{31CCC822-68CB-4C3A-8DB5-3B899F4F769C}.Debug|ARM.ActiveCfg = Debug|ARM
		{31CCC822-68CB-4C3A-8DB5-3B899F4F769C}.Debug|ARM.Build.0 = Debug|ARM
		{31CCC822-68CB-4C3A-8DB5-3B899F4F769C}.Debug|ARM.Deploy.0 = Debug|ARM
		{31CCC822-68CB-4C3A-8DB5-3B899F4F769C}.Debug|x64.ActiveCfg = Debug|x64
		{31CCC822-68CB-4C3A-8DB5-3B899F4F769C}.Debug|x64.Build.0 = Debug|x64
		{31CCC822-68CB-4C3A-8DB5-3B899F4F769C}.Debug|x64.Deploy.0 = Debug|x64
		{31CCC822-68CB-4C3A-8DB5-3B899F4F769C}.Debug|x86.ActiveCfg = Debug|x86
		{31CCC822-68CB-4C3A-8DB5-3B899F4F769C}.Debug|x86.Build.0 = Debug|x86
		{31CCC822-68CB-4C3A-8DB5-3B899F4F769C}.Debug|x86.Deploy.0 = Debug|x86
		{31CCC822-68CB-4C3A-8DB5-3B899F4F769C}.Release|Any CPU.ActiveCfg = Release|Any CPU
		{31CCC822-68CB-4C3A-8DB5-3B899F4F769C}.Release|Any CPU.Build.0 = Release|Any CPU
		{31CCC822-68CB-4C3A-8DB5-3B899F4F769C}.Release|Any CPU.Deploy.0 = Release|Any CPU
		{31CCC822-68CB-4C3A-8DB5-3B899F4F769C}.Release|ARM.ActiveCfg = Release|ARM
		{31CCC822-68CB-4C3A-8DB5-3B899F4F769C}.Release|ARM.Build.0 = Release|ARM
		{31CCC822-68CB-4C3A-8DB5-3B899F4F769C}.Release|ARM.Deploy.0 = Release|ARM
		{31CCC822-68CB-4C3A-8DB5-3B899F4F769C}.Release|x64.ActiveCfg = Release|x64
		{31CCC822-68CB-4C3A-8DB5-3B899F4F769C}.Release|x64.Build.0 = Release|x64
		{31CCC822-68CB-4C3A-8DB5-3B899F4F769C}.Release|x64.Deploy.0 = Release|x64
		{31CCC822-68CB-4C3A-8DB5-3B899F4F769C}.Release|x86.ActiveCfg = Release|x86
		{31CCC822-68CB-4C3A-8DB5-3B899F4F769C}.Release|x86.Build.0 = Release|x86
		{31CCC822-68CB-4C3A-8DB5-3B899F4F769C}.Release|x86.Deploy.0 = Release|x86
		{73A6B593-D5B2-4D24-A6C1-0D3019CA3131}.Debug|Any CPU.ActiveCfg = Debug|Any CPU
		{73A6B593-D5B2-4D24-A6C1-0D3019CA3131}.Debug|Any CPU.Build.0 = Debug|Any CPU
		{73A6B593-D5B2-4D24-A6C1-0D3019CA3131}.Debug|Any CPU.Deploy.0 = Debug|Any CPU
		{73A6B593-D5B2-4D24-A6C1-0D3019CA3131}.Debug|ARM.ActiveCfg = Debug|ARM
		{73A6B593-D5B2-4D24-A6C1-0D3019CA3131}.Debug|ARM.Build.0 = Debug|ARM
		{73A6B593-D5B2-4D24-A6C1-0D3019CA3131}.Debug|ARM.Deploy.0 = Debug|ARM
		{73A6B593-D5B2-4D24-A6C1-0D3019CA3131}.Debug|x64.ActiveCfg = Debug|Any CPU
		{73A6B593-D5B2-4D24-A6C1-0D3019CA3131}.Debug|x86.ActiveCfg = Debug|x86
		{73A6B593-D5B2-4D24-A6C1-0D3019CA3131}.Debug|x86.Build.0 = Debug|x86
		{73A6B593-D5B2-4D24-A6C1-0D3019CA3131}.Debug|x86.Deploy.0 = Debug|x86
		{73A6B593-D5B2-4D24-A6C1-0D3019CA3131}.Release|Any CPU.ActiveCfg = Release|Any CPU
		{73A6B593-D5B2-4D24-A6C1-0D3019CA3131}.Release|Any CPU.Build.0 = Release|Any CPU
		{73A6B593-D5B2-4D24-A6C1-0D3019CA3131}.Release|Any CPU.Deploy.0 = Release|Any CPU
		{73A6B593-D5B2-4D24-A6C1-0D3019CA3131}.Release|ARM.ActiveCfg = Release|ARM
		{73A6B593-D5B2-4D24-A6C1-0D3019CA3131}.Release|ARM.Build.0 = Release|ARM
		{73A6B593-D5B2-4D24-A6C1-0D3019CA3131}.Release|ARM.Deploy.0 = Release|ARM
		{73A6B593-D5B2-4D24-A6C1-0D3019CA3131}.Release|x64.ActiveCfg = Release|Any CPU
		{73A6B593-D5B2-4D24-A6C1-0D3019CA3131}.Release|x86.ActiveCfg = Release|x86
		{73A6B593-D5B2-4D24-A6C1-0D3019CA3131}.Release|x86.Build.0 = Release|x86
		{73A6B593-D5B2-4D24-A6C1-0D3019CA3131}.Release|x86.Deploy.0 = Release|x86
	EndGlobalSection
	GlobalSection(SolutionProperties) = preSolution
		HideSolutionNode = FALSE
	EndGlobalSection
	GlobalSection(NestedProjects) = preSolution
		{58CC4705-ADDF-44F6-92C2-F393002C5507} = {C5B7CA29-0A6A-4E98-8CBB-F358250F496D}
		{31CCC822-68CB-4C3A-8DB5-3B899F4F769C} = {C5B7CA29-0A6A-4E98-8CBB-F358250F496D}
		{73A6B593-D5B2-4D24-A6C1-0D3019CA3131} = {C5B7CA29-0A6A-4E98-8CBB-F358250F496D}
	EndGlobalSection
EndGlobal
